
Microsoft Visual Studio Solution File, Format Version 12.00
# Visual Studio Version 17
VisualStudioVersion = 17.9.34622.214
MinimumVisualStudioVersion = 10.0.40219.1
Project("{FAE04EC0-301F-11D3-BF4B-00C04F79EFBC}") = "u21497682_HA1", "u21497682_HA1\u21497682_HA1.csproj", "{5B03AFAA-6E39-4788-AA4B-592BE50AB130}"
EndProject
Global
	GlobalSection(SolutionConfigurationPlatforms) = preSolution
		Debug|Any CPU = Debug|Any CPU
		Release|Any CPU = Release|Any CPU
	EndGlobalSection
	GlobalSection(ProjectConfigurationPlatforms) = postSolution
		{5B03AFAA-6E39-4788-AA4B-592BE50AB130}.Debug|Any CPU.ActiveCfg = Debug|Any CPU
		{5B03AFAA-6E39-4788-AA4B-592BE50AB130}.Debug|Any CPU.Build.0 = Debug|Any CPU
		{5B03AFAA-6E39-4788-AA4B-592BE50AB130}.Release|Any CPU.ActiveCfg = Release|Any CPU
		{5B03AFAA-6E39-4788-AA4B-592BE50AB130}.Release|Any CPU.Build.0 = Release|Any CPU
	EndGlobalSection
	GlobalSection(SolutionProperties) = preSolution
		HideSolutionNode = FALSE
	EndGlobalSection
	GlobalSection(ExtensibilityGlobals) = postSolution
		SolutionGuid = {73C1F0A2-E324-4305-A79C-9641778B865A}
	EndGlobalSection
EndGlobal
